
Microsoft Visual Studio Solution File, Format Version 12.00
# Visual Studio 15
VisualStudioVersion = 15.0.28307.106
MinimumVisualStudioVersion = 10.0.40219.1
Project("{FAE04EC0-301F-11D3-BF4B-00C04F79EFBC}") = "DNN.Authentication.SAML", "DNN.Authentication.SAML.csproj", "{0304B44C-EA08-434E-A368-65F619FC67A5}"
EndProject
Global
	GlobalSection(SolutionConfigurationPlatforms) = preSolution
		Debug|Any CPU = Debug|Any CPU
		Release|Any CPU = Release|Any CPU
	EndGlobalSection
	GlobalSection(ProjectConfigurationPlatforms) = postSolution
		{0304B44C-EA08-434E-A368-65F619FC67A5}.Debug|Any CPU.ActiveCfg = Debug|Any CPU
		{0304B44C-EA08-434E-A368-65F619FC67A5}.Debug|Any CPU.Build.0 = Debug|Any CPU
		{0304B44C-EA08-434E-A368-65F619FC67A5}.Release|Any CPU.ActiveCfg = Release|Any CPU
		{0304B44C-EA08-434E-A368-65F619FC67A5}.Release|Any CPU.Build.0 = Release|Any CPU
	EndGlobalSection
	GlobalSection(SolutionProperties) = preSolution
		HideSolutionNode = FALSE
	EndGlobalSection
	GlobalSection(ExtensibilityGlobals) = postSolution
		SolutionGuid = {5367267C-10DF-443A-A9C5-8BB32DE10C0A}
	EndGlobalSection
EndGlobal
