
Microsoft Visual Studio Solution File, Format Version 12.00
# Visual Studio 14
VisualStudioVersion = 14.0.23107.0
MinimumVisualStudioVersion = 10.0.40219.1
Project("{FAE04EC0-301F-11D3-BF4B-00C04F79EFBC}") = "DNN.Authentication.SAML", "DNN.Authentication.SAML.csproj", "{0304B44C-EA08-434E-A368-65F619FC67A5}"
EndProject
Project("{FAE04EC0-301F-11D3-BF4B-00C04F79EFBC}") = "ConsoleTest", "..\ConsoleTest\ConsoleTest.csproj", "{DD529504-DC70-491E-8BC1-86925CE6F83A}"
EndProject
Global
	GlobalSection(SolutionConfigurationPlatforms) = preSolution
		Debug|Any CPU = Debug|Any CPU
		Release|Any CPU = Release|Any CPU
	EndGlobalSection
	GlobalSection(ProjectConfigurationPlatforms) = postSolution
		{0304B44C-EA08-434E-A368-65F619FC67A5}.Debug|Any CPU.ActiveCfg = Debug|Any CPU
		{0304B44C-EA08-434E-A368-65F619FC67A5}.Debug|Any CPU.Build.0 = Debug|Any CPU
		{0304B44C-EA08-434E-A368-65F619FC67A5}.Release|Any CPU.ActiveCfg = Release|Any CPU
		{0304B44C-EA08-434E-A368-65F619FC67A5}.Release|Any CPU.Build.0 = Release|Any CPU
		{DD529504-DC70-491E-8BC1-86925CE6F83A}.Debug|Any CPU.ActiveCfg = Debug|Any CPU
		{DD529504-DC70-491E-8BC1-86925CE6F83A}.Debug|Any CPU.Build.0 = Debug|Any CPU
		{DD529504-DC70-491E-8BC1-86925CE6F83A}.Release|Any CPU.ActiveCfg = Release|Any CPU
		{DD529504-DC70-491E-8BC1-86925CE6F83A}.Release|Any CPU.Build.0 = Release|Any CPU
	EndGlobalSection
	GlobalSection(SolutionProperties) = preSolution
		HideSolutionNode = FALSE
	EndGlobalSection
EndGlobal
